<?xml version="1.0" encoding="utf-8"?>
<Project ToolsVersion="4.0" xmlns="http://schemas.microsoft.com/developer/msbuild/2003">
  <ItemGroup>
    <ClCompile Include="main.cpp" />
    <ClCompile Include="date.cpp">
      <Filter>lib</Filter>
    </ClCompile>
    <ClCompile Include="err.cpp">
      <Filter>lib</Filter>
    </ClCompile>
    <ClCompile Include="pch.cpp" />
    <ClCompile Include="compiler.cpp">
      <Filter>compiler</Filter>
    </ClCompile>
    <ClCompile Include="console.cpp">
      <Filter>lib</Filter>
    </ClCompile>
    <ClCompile Include="format.cpp">
      <Filter>lib</Filter>
    </ClCompile>
    <ClCompile Include="string.cpp">
      <Filter>lib</Filter>
    </ClCompile>
    <ClCompile Include="hash.cpp">
      <Filter>lib</Filter>
    </ClCompile>
    <ClCompile Include="source.cpp">
      <Filter>compiler\source</Filter>
    </ClCompile>
    <ClCompile Include="mem.cpp">
      <Filter>lib</Filter>
    </ClCompile>
    <ClCompile Include="lib.cpp">
      <Filter>lib</Filter>
    </ClCompile>
    <ClCompile Include="aio.cpp">
      <Filter>lib</Filter>
    </ClCompile>
    <ClCompile Include="identifiers.cpp">
      <Filter>compiler</Filter>
    </ClCompile>
    <ClCompile Include="tokenizer.cpp">
      <Filter>compiler\source</Filter>
    </ClCompile>
    <ClCompile Include="syntax.cpp">
      <Filter>compiler\syntax</Filter>
    </ClCompile>
    <ClCompile Include="preparser.cpp">
      <Filter>compiler\source</Filter>
    </ClCompile>
    <ClCompile Include="parser.cpp">
      <Filter>compiler\syntax</Filter>
    </ClCompile>
    <ClCompile Include="list.cpp">
      <Filter>lib\collections</Filter>
    </ClCompile>
    <ClCompile Include="dict.cpp">
      <Filter>lib\collections</Filter>
    </ClCompile>
    <ClCompile Include="queue.cpp">
      <Filter>lib\collections</Filter>
    </ClCompile>
  </ItemGroup>
  <ItemGroup>
    <Filter Include="lib">
      <UniqueIdentifier>{4e5777b7-105d-458a-b719-eae94086e464}</UniqueIdentifier>
    </Filter>
    <Filter Include="compiler">
      <UniqueIdentifier>{33466144-b952-4bb6-81f1-64c7281e726b}</UniqueIdentifier>
    </Filter>
    <Filter Include="compiler\source">
      <UniqueIdentifier>{d50b3175-00bb-4980-b8a8-dd2ff7d1cf6d}</UniqueIdentifier>
    </Filter>
    <Filter Include="compiler\syntax">
      <UniqueIdentifier>{c2b11050-3144-4c71-99e6-17e55f1ede6b}</UniqueIdentifier>
    </Filter>
    <Filter Include="lib\collections">
      <UniqueIdentifier>{e729598f-59c1-443f-a980-ba96cccc5c1a}</UniqueIdentifier>
    </Filter>
  </ItemGroup>
  <ItemGroup>
    <ClInclude Include="date.h">
      <Filter>lib</Filter>
    </ClInclude>
    <ClInclude Include="err.h">
      <Filter>lib</Filter>
    </ClInclude>
    <ClInclude Include="lib.h">
      <Filter>lib</Filter>
    </ClInclude>
    <ClInclude Include="pch.h" />
    <ClInclude Include="compiler.h">
      <Filter>compiler</Filter>
    </ClInclude>
    <ClInclude Include="console.h">
      <Filter>lib</Filter>
    </ClInclude>
    <ClInclude Include="format.h">
      <Filter>lib</Filter>
    </ClInclude>
    <ClInclude Include="string.h">
      <Filter>lib</Filter>
    </ClInclude>
    <ClInclude Include="hash.h">
      <Filter>lib</Filter>
    </ClInclude>
    <ClInclude Include="source.h">
      <Filter>compiler\source</Filter>
    </ClInclude>
    <ClInclude Include="mem.h">
      <Filter>lib</Filter>
    </ClInclude>
    <ClInclude Include="aio.h">
      <Filter>lib</Filter>
    </ClInclude>
    <ClInclude Include="identifiers.h">
      <Filter>compiler</Filter>
    </ClInclude>
    <ClInclude Include="tokenizer.h">
      <Filter>compiler\source</Filter>
    </ClInclude>
    <ClInclude Include="syntax.h">
      <Filter>compiler\syntax</Filter>
    </ClInclude>
    <ClInclude Include="preparser.h">
      <Filter>compiler\source</Filter>
    </ClInclude>
    <ClInclude Include="parser.h">
      <Filter>compiler\syntax</Filter>
    </ClInclude>
    <ClInclude Include="list.h">
      <Filter>lib\collections</Filter>
    </ClInclude>
    <ClInclude Include="dict.h">
      <Filter>lib\collections</Filter>
    </ClInclude>
    <ClInclude Include="queue.h">
      <Filter>lib\collections</Filter>
    </ClInclude>
  </ItemGroup>
</Project>