<?xml version="1.0" encoding="utf-8"?>
<Project ToolsVersion="4.0" xmlns="http://schemas.microsoft.com/developer/msbuild/2003">
  <ItemGroup>
    <ClCompile Include="main.cpp" />
    <ClCompile Include="console.cpp">
      <Filter>lib\console</Filter>
    </ClCompile>
    <ClCompile Include="highlight.cpp">
      <Filter>lib\highlight</Filter>
    </ClCompile>
    <ClCompile Include="stdafx.cpp" />
  </ItemGroup>
  <ItemGroup>
    <Filter Include="syntax">
      <UniqueIdentifier>{d50b3175-00bb-4980-b8a8-dd2ff7d1cf6d}</UniqueIdentifier>
    </Filter>
    <Filter Include="lib">
      <UniqueIdentifier>{4e5777b7-105d-458a-b719-eae94086e464}</UniqueIdentifier>
    </Filter>
    <Filter Include="syntax\tree">
      <UniqueIdentifier>{97fd0040-de6e-43ed-be7e-8fba04abfb7c}</UniqueIdentifier>
    </Filter>
    <Filter Include="lib\console">
      <UniqueIdentifier>{42d0bf31-0a92-40b2-885c-ee3153e74989}</UniqueIdentifier>
    </Filter>
    <Filter Include="lib\highlight">
      <UniqueIdentifier>{120c5924-71c4-48e9-be48-c02ecb804de0}</UniqueIdentifier>
    </Filter>
  </ItemGroup>
  <ItemGroup>
    <ClInclude Include="stdafx.h" />
    <ClInclude Include="console.h">
      <Filter>lib\console</Filter>
    </ClInclude>
    <ClInclude Include="highlight.h">
      <Filter>lib\highlight</Filter>
    </ClInclude>
  </ItemGroup>
</Project>